
Microsoft Visual Studio Solution File, Format Version 12.00
# Visual Studio Version 16
VisualStudioVersion = 16.0.30907.101
MinimumVisualStudioVersion = 10.0.40219.1
Project("{FAE04EC0-301F-11D3-BF4B-00C04F79EFBC}") = "Business", "Business\Business.csproj", "{ADBA05FD-0510-4547-B414-F5DE7AFFEE27}"
EndProject
Project("{FAE04EC0-301F-11D3-BF4B-00C04F79EFBC}") = "DataAccess", "DataAccess\DataAccess.csproj", "{B62D8594-8E93-4B1D-B4CE-E9CFB3FA39CD}"
EndProject
Project("{FAE04EC0-301F-11D3-BF4B-00C04F79EFBC}") = "Entities", "Entities\Entities.csproj", "{585092A2-7BD5-411B-9E7C-6B40FA932501}"
EndProject
Project("{FAE04EC0-301F-11D3-BF4B-00C04F79EFBC}") = "ConsoleUI", "ConsoleUI\ConsoleUI.csproj", "{169DB220-D9DC-4816-904E-5084AF67BEE1}"
EndProject
Project("{FAE04EC0-301F-11D3-BF4B-00C04F79EFBC}") = "Core", "Core\Core.csproj", "{51EF53E5-8789-487A-9A17-4254C5844D68}"
EndProject
Project("{2150E333-8FDC-42A3-9474-1A3956D46DE8}") = "Solution Items", "Solution Items", "{350D7745-DFDA-4ABF-B4A4-FE73B2349F53}"
	ProjectSection(SolutionItems) = preProject
		CreateDB.txt = CreateDB.txt
	EndProjectSection
EndProject
Project("{FAE04EC0-301F-11D3-BF4B-00C04F79EFBC}") = "WebAPI", "WebAPI\WebAPI.csproj", "{21715B9C-301F-4556-A91F-68888509EFBA}"
EndProject
Project("{2150E333-8FDC-42A3-9474-1A3956D46DE8}") = "Images", "Images", "{1E3B9EE7-23D7-4FBF-BEB5-DCE93BC8F97B}"
EndProject
Global
	GlobalSection(SolutionConfigurationPlatforms) = preSolution
		Debug|Any CPU = Debug|Any CPU
		Release|Any CPU = Release|Any CPU
	EndGlobalSection
	GlobalSection(ProjectConfigurationPlatforms) = postSolution
		{ADBA05FD-0510-4547-B414-F5DE7AFFEE27}.Debug|Any CPU.ActiveCfg = Debug|Any CPU
		{ADBA05FD-0510-4547-B414-F5DE7AFFEE27}.Debug|Any CPU.Build.0 = Debug|Any CPU
		{ADBA05FD-0510-4547-B414-F5DE7AFFEE27}.Release|Any CPU.ActiveCfg = Release|Any CPU
		{ADBA05FD-0510-4547-B414-F5DE7AFFEE27}.Release|Any CPU.Build.0 = Release|Any CPU
		{B62D8594-8E93-4B1D-B4CE-E9CFB3FA39CD}.Debug|Any CPU.ActiveCfg = Debug|Any CPU
		{B62D8594-8E93-4B1D-B4CE-E9CFB3FA39CD}.Debug|Any CPU.Build.0 = Debug|Any CPU
		{B62D8594-8E93-4B1D-B4CE-E9CFB3FA39CD}.Release|Any CPU.ActiveCfg = Release|Any CPU
		{B62D8594-8E93-4B1D-B4CE-E9CFB3FA39CD}.Release|Any CPU.Build.0 = Release|Any CPU
		{585092A2-7BD5-411B-9E7C-6B40FA932501}.Debug|Any CPU.ActiveCfg = Debug|Any CPU
		{585092A2-7BD5-411B-9E7C-6B40FA932501}.Debug|Any CPU.Build.0 = Debug|Any CPU
		{585092A2-7BD5-411B-9E7C-6B40FA932501}.Release|Any CPU.ActiveCfg = Release|Any CPU
		{585092A2-7BD5-411B-9E7C-6B40FA932501}.Release|Any CPU.Build.0 = Release|Any CPU
		{169DB220-D9DC-4816-904E-5084AF67BEE1}.Debug|Any CPU.ActiveCfg = Debug|Any CPU
		{169DB220-D9DC-4816-904E-5084AF67BEE1}.Debug|Any CPU.Build.0 = Debug|Any CPU
		{169DB220-D9DC-4816-904E-5084AF67BEE1}.Release|Any CPU.ActiveCfg = Release|Any CPU
		{169DB220-D9DC-4816-904E-5084AF67BEE1}.Release|Any CPU.Build.0 = Release|Any CPU
		{51EF53E5-8789-487A-9A17-4254C5844D68}.Debug|Any CPU.ActiveCfg = Debug|Any CPU
		{51EF53E5-8789-487A-9A17-4254C5844D68}.Debug|Any CPU.Build.0 = Debug|Any CPU
		{51EF53E5-8789-487A-9A17-4254C5844D68}.Release|Any CPU.ActiveCfg = Release|Any CPU
		{51EF53E5-8789-487A-9A17-4254C5844D68}.Release|Any CPU.Build.0 = Release|Any CPU
		{21715B9C-301F-4556-A91F-68888509EFBA}.Debug|Any CPU.ActiveCfg = Debug|Any CPU
		{21715B9C-301F-4556-A91F-68888509EFBA}.Debug|Any CPU.Build.0 = Debug|Any CPU
		{21715B9C-301F-4556-A91F-68888509EFBA}.Release|Any CPU.ActiveCfg = Release|Any CPU
		{21715B9C-301F-4556-A91F-68888509EFBA}.Release|Any CPU.Build.0 = Release|Any CPU
	EndGlobalSection
	GlobalSection(SolutionProperties) = preSolution
		HideSolutionNode = FALSE
	EndGlobalSection
	GlobalSection(ExtensibilityGlobals) = postSolution
		SolutionGuid = {738491D8-3370-4760-924B-507F2C3CE996}
	EndGlobalSection
	GlobalSection(MonoDevelopProperties) = preSolution
		Policies = $0
		$0.DotNetNamingPolicy = $1
		$1.DirectoryNamespaceAssociation = PrefixedHierarchical
		$1.ResourceNamePolicy = MSBuild
	EndGlobalSection
	GlobalSection(NestedProjects) = preSolution
		{1E3B9EE7-23D7-4FBF-BEB5-DCE93BC8F97B} = {350D7745-DFDA-4ABF-B4A4-FE73B2349F53}
	EndGlobalSection
EndGlobal
